// !$*UTF8*$!
{
	archiveVersion = 1;
	classes = {
	};
	objectVersion = 56;
	objects = {

/* Begin PBXBuildFile section */
		954F5D9C2AA3AB0900F227B7 /* SwiftUIChangeRootViewApp.swift in Sources */ = {isa = PBXBuildFile; fileRef = 954F5D9B2AA3AB0900F227B7 /* SwiftUIChangeRootViewApp.swift */; };
		954F5DA02AA3AB0B00F227B7 /* Assets.xcassets in Resources */ = {isa = PBXBuildFile; fileRef = 954F5D9F2AA3AB0B00F227B7 /* Assets.xcassets */; };
		954F5DA32AA3AB0B00F227B7 /* Preview Assets.xcassets in Resources */ = {isa = PBXBuildFile; fileRef = 954F5DA22AA3AB0B00F227B7 /* Preview Assets.xcassets */; };
		954F5DAF2AA3AFC500F227B7 /* AppRootManager.swift in Sources */ = {isa = PBXBuildFile; fileRef = 954F5DAE2AA3AFC500F227B7 /* AppRootManager.swift */; };
		954F5DB12AA3B13900F227B7 /* SplashView.swift in Sources */ = {isa = PBXBuildFile; fileRef = 954F5DB02AA3B13900F227B7 /* SplashView.swift */; };
		954F5DB52AA3B15600F227B7 /* HomeView.swift in Sources */ = {isa = PBXBuildFile; fileRef = 954F5DB42AA3B15600F227B7 /* HomeView.swift */; };
		954F5DB72AA3B16600F227B7 /* LoginView.swift in Sources */ = {isa = PBXBuildFile; fileRef = 954F5DB62AA3B16600F227B7 /* LoginView.swift */; };
/* End PBXBuildFile section */

/* Begin PBXFileReference section */
		954F5D982AA3AB0900F227B7 /* SwiftUIChangeRootView.app */ = {isa = PBXFileReference; explicitFileType = wrapper.application; includeInIndex = 0; path = SwiftUIChangeRootView.app; sourceTree = BUILT_PRODUCTS_DIR; };
		954F5D9B2AA3AB0900F227B7 /* SwiftUIChangeRootViewApp.swift */ = {isa = PBXFileReference; lastKnownFileType = sourcecode.swift; path = SwiftUIChangeRootViewApp.swift; sourceTree = "<group>"; };
		954F5D9F2AA3AB0B00F227B7 /* Assets.xcassets */ = {isa = PBXFileReference; lastKnownFileType = folder.assetcatalog; path = Assets.xcassets; sourceTree = "<group>"; };
		954F5DA22AA3AB0B00F227B7 /* Preview Assets.xcassets */ = {isa = PBXFileReference; lastKnownFileType = folder.assetcatalog; path = "Preview Assets.xcassets"; sourceTree = "<group>"; };
		954F5DA92AA3AC9F00F227B7 /* Info.plist */ = {isa = PBXFileReference; lastKnownFileType = text.plist.xml; path = Info.plist; sourceTree = "<group>"; };
		954F5DAE2AA3AFC500F227B7 /* AppRootManager.swift */ = {isa = PBXFileReference; lastKnownFileType = sourcecode.swift; path = AppRootManager.swift; sourceTree = "<group>"; };
		954F5DB02AA3B13900F227B7 /* SplashView.swift */ = {isa = PBXFileReference; lastKnownFileType = sourcecode.swift; path = SplashView.swift; sourceTree = "<group>"; };
		954F5DB42AA3B15600F227B7 /* HomeView.swift */ = {isa = PBXFileReference; lastKnownFileType = sourcecode.swift; path = HomeView.swift; sourceTree = "<group>"; };
		954F5DB62AA3B16600F227B7 /* LoginView.swift */ = {isa = PBXFileReference; lastKnownFileType = sourcecode.swift; path = LoginView.swift; sourceTree = "<group>"; };
/* End PBXFileReference section */

/* Begin PBXFrameworksBuildPhase section */
		954F5D952AA3AB0900F227B7 /* Frameworks */ = {
			isa = PBXFrameworksBuildPhase;
			buildActionMask = 2147483647;
			files = (
			);
			runOnlyForDeploymentPostprocessing = 0;
		};
/* End PBXFrameworksBuildPhase section */

/* Begin PBXGroup section */
		954F5D8F2AA3AB0900F227B7 = {
			isa = PBXGroup;
			children = (
				954F5D9A2AA3AB0900F227B7 /* SwiftUIChangeRootView */,
				954F5D992AA3AB0900F227B7 /* Products */,
			);
			sourceTree = "<group>";
		};
		954F5D992AA3AB0900F227B7 /* Products */ = {
			isa = PBXGroup;
			children = (
				954F5D982AA3AB0900F227B7 /* SwiftUIChangeRootView.app */,
			);
			name = Products;
			sourceTree = "<group>";
		};
		954F5D9A2AA3AB0900F227B7 /* SwiftUIChangeRootView */ = {
			isa = PBXGroup;
			children = (
				954F5DAB2AA3AF3500F227B7 /* Application */,
				954F5DAA2AA3AF2500F227B7 /* Helper */,
				954F5DA92AA3AC9F00F227B7 /* Info.plist */,
				954F5DA12AA3AB0B00F227B7 /* Preview Content */,
				954F5DAC2AA3AF4300F227B7 /* Resources */,
				954F5DAD2AA3AF9300F227B7 /* Views */,
			);
			path = SwiftUIChangeRootView;
			sourceTree = "<group>";
		};
		954F5DA12AA3AB0B00F227B7 /* Preview Content */ = {
			isa = PBXGroup;
			children = (
				954F5DA22AA3AB0B00F227B7 /* Preview Assets.xcassets */,
			);
			path = "Preview Content";
			sourceTree = "<group>";
		};
		954F5DAA2AA3AF2500F227B7 /* Helper */ = {
			isa = PBXGroup;
			children = (
				954F5DAE2AA3AFC500F227B7 /* AppRootManager.swift */,
			);
			path = Helper;
			sourceTree = "<group>";
		};
		954F5DAB2AA3AF3500F227B7 /* Application */ = {
			isa = PBXGroup;
			children = (
				954F5D9B2AA3AB0900F227B7 /* SwiftUIChangeRootViewApp.swift */,
			);
			path = Application;
			sourceTree = "<group>";
		};
		954F5DAC2AA3AF4300F227B7 /* Resources */ = {
			isa = PBXGroup;
			children = (
				954F5D9F2AA3AB0B00F227B7 /* Assets.xcassets */,
			);
			path = Resources;
			sourceTree = "<group>";
		};
		954F5DAD2AA3AF9300F227B7 /* Views */ = {
			isa = PBXGroup;
			children = (
				954F5DB02AA3B13900F227B7 /* SplashView.swift */,
				954F5DB42AA3B15600F227B7 /* HomeView.swift */,
				954F5DB62AA3B16600F227B7 /* LoginView.swift */,
			);
			path = Views;
			sourceTree = "<group>";
		};
/* End PBXGroup section */

/* Begin PBXNativeTarget section */
		954F5D972AA3AB0900F227B7 /* SwiftUIChangeRootView */ = {
			isa = PBXNativeTarget;
			buildConfigurationList = 954F5DA62AA3AB0B00F227B7 /* Build configuration list for PBXNativeTarget "SwiftUIChangeRootView" */;
			buildPhases = (
				954F5D942AA3AB0900F227B7 /* Sources */,
				954F5D952AA3AB0900F227B7 /* Frameworks */,
				954F5D962AA3AB0900F227B7 /* Resources */,
			);
			buildRules = (
			);
			dependencies = (
			);
			name = SwiftUIChangeRootView;
			productName = SwiftUIChangeRootView;
			productReference = 954F5D982AA3AB0900F227B7 /* SwiftUIChangeRootView.app */;
			productType = "com.apple.product-type.application";
		};
/* End PBXNativeTarget section */

/* Begin PBXProject section */
		954F5D902AA3AB0900F227B7 /* Project object */ = {
			isa = PBXProject;
			attributes = {
				BuildIndependentTargetsInParallel = 1;
				LastSwiftUpdateCheck = 1430;
				LastUpgradeCheck = 1430;
				TargetAttributes = {
					954F5D972AA3AB0900F227B7 = {
						CreatedOnToolsVersion = 14.3.1;
					};
				};
			};
			buildConfigurationList = 954F5D932AA3AB0900F227B7 /* Build configuration list for PBXProject "SwiftUIChangeRootView" */;
			compatibilityVersion = "Xcode 14.0";
			developmentRegion = en;
			hasScannedForEncodings = 0;
			knownRegions = (
				en,
				Base,
			);
			mainGroup = 954F5D8F2AA3AB0900F227B7;
			productRefGroup = 954F5D992AA3AB0900F227B7 /* Products */;
			projectDirPath = "";
			projectRoot = "";
			targets = (
				954F5D972AA3AB0900F227B7 /* SwiftUIChangeRootView */,
			);
		};
/* End PBXProject section */

/* Begin PBXResourcesBuildPhase section */
		954F5D962AA3AB0900F227B7 /* Resources */ = {
			isa = PBXResourcesBuildPhase;
			buildActionMask = 2147483647;
			files = (
				954F5DA32AA3AB0B00F227B7 /* Preview Assets.xcassets in Resources */,
				954F5DA02AA3AB0B00F227B7 /* Assets.xcassets in Resources */,
			);
			runOnlyForDeploymentPostprocessing = 0;
		};
/* End PBXResourcesBuildPhase section */

/* Begin PBXSourcesBuildPhase section */
		954F5D942AA3AB0900F227B7 /* Sources */ = {
			isa = PBXSourcesBuildPhase;
			buildActionMask = 2147483647;
			files = (
				954F5DB72AA3B16600F227B7 /* LoginView.swift in Sources */,
				954F5DB12AA3B13900F227B7 /* SplashView.swift in Sources */,
				954F5DB52AA3B15600F227B7 /* HomeView.swift in Sources */,
				954F5D9C2AA3AB0900F227B7 /* SwiftUIChangeRootViewApp.swift in Sources */,
				954F5DAF2AA3AFC500F227B7 /* AppRootManager.swift in Sources */,
			);
			runOnlyForDeploymentPostprocessing = 0;
		};
/* End PBXSourcesBuildPhase section */

/* Begin XCBuildConfiguration section */
		954F5DA42AA3AB0B00F227B7 /* Debug */ = {
			isa = XCBuildConfiguration;
			buildSettings = {
				ALWAYS_SEARCH_USER_PATHS = NO;
				CLANG_ANALYZER_NONNULL = YES;
				CLANG_ANALYZER_NUMBER_OBJECT_CONVERSION = YES_AGGRESSIVE;
				CLANG_CXX_LANGUAGE_STANDARD = "gnu++20";
				CLANG_ENABLE_MODULES = YES;
				CLANG_ENABLE_OBJC_ARC = YES;
				CLANG_ENABLE_OBJC_WEAK = YES;
				CLANG_WARN_BLOCK_CAPTURE_AUTORELEASING = YES;
				CLANG_WARN_BOOL_CONVERSION = YES;
				CLANG_WARN_COMMA = YES;
				CLANG_WARN_CONSTANT_CONVERSION = YES;
				CLANG_WARN_DEPRECATED_OBJC_IMPLEMENTATIONS = YES;
				CLANG_WARN_DIRECT_OBJC_ISA_USAGE = YES_ERROR;
				CLANG_WARN_DOCUMENTATION_COMMENTS = YES;
				CLANG_WARN_EMPTY_BODY = YES;
				CLANG_WARN_ENUM_CONVERSION = YES;
				CLANG_WARN_INFINITE_RECURSION = YES;
				CLANG_WARN_INT_CONVERSION = YES;
				CLANG_WARN_NON_LITERAL_NULL_CONVERSION = YES;
				CLANG_WARN_OBJC_IMPLICIT_RETAIN_SELF = YES;
				CLANG_WARN_OBJC_LITERAL_CONVERSION = YES;
				CLANG_WARN_OBJC_ROOT_CLASS = YES_ERROR;
				CLANG_WARN_QUOTED_INCLUDE_IN_FRAMEWORK_HEADER = YES;
				CLANG_WARN_RANGE_LOOP_ANALYSIS = YES;
				CLANG_WARN_STRICT_PROTOTYPES = YES;
				CLANG_WARN_SUSPICIOUS_MOVE = YES;
				CLANG_WARN_UNGUARDED_AVAILABILITY = YES_AGGRESSIVE;
				CLANG_WARN_UNREACHABLE_CODE = YES;
				CLANG_WARN__DUPLICATE_METHOD_MATCH = YES;
				COPY_PHASE_STRIP = NO;
				DEBUG_INFORMATION_FORMAT = dwarf;
				ENABLE_STRICT_OBJC_MSGSEND = YES;
				ENABLE_TESTABILITY = YES;
				GCC_C_LANGUAGE_STANDARD = gnu11;
				GCC_DYNAMIC_NO_PIC = NO;
				GCC_NO_COMMON_BLOCKS = YES;
				GCC_OPTIMIZATION_LEVEL = 0;
				GCC_PREPROCESSOR_DEFINITIONS = (
					"DEBUG=1",
					"$(inherited)",
				);
				GCC_WARN_64_TO_32_BIT_CONVERSION = YES;
				GCC_WARN_ABOUT_RETURN_TYPE = YES_ERROR;
				GCC_WARN_UNDECLARED_SELECTOR = YES;
				GCC_WARN_UNINITIALIZED_AUTOS = YES_AGGRESSIVE;
				GCC_WARN_UNUSED_FUNCTION = YES;
				GCC_WARN_UNUSED_VARIABLE = YES;
				IPHONEOS_DEPLOYMENT_TARGET = 16.4;
				MTL_ENABLE_DEBUG_INFO = INCLUDE_SOURCE;
				MTL_FAST_MATH = YES;
				ONLY_ACTIVE_ARCH = YES;
				SDKROOT = iphoneos;
				SWIFT_ACTIVE_COMPILATION_CONDITIONS = DEBUG;
				SWIFT_OPTIMIZATION_LEVEL = "-Onone";
			};
			name = Debug;
		};
		954F5DA52AA3AB0B00F227B7 /* Release */ = {
			isa = XCBuildConfiguration;
			buildSettings = {
				ALWAYS_SEARCH_USER_PATHS = NO;
				CLANG_ANALYZER_NONNULL = YES;
				CLANG_ANALYZER_NUMBER_OBJECT_CONVERSION = YES_AGGRESSIVE;
				CLANG_CXX_LANGUAGE_STANDARD = "gnu++20";
				CLANG_ENABLE_MODULES = YES;
				CLANG_ENABLE_OBJC_ARC = YES;
				CLANG_ENABLE_OBJC_WEAK = YES;
				CLANG_WARN_BLOCK_CAPTURE_AUTORELEASING = YES;
				CLANG_WARN_BOOL_CONVERSION = YES;
				CLANG_WARN_COMMA = YES;
				CLANG_WARN_CONSTANT_CONVERSION = YES;
				CLANG_WARN_DEPRECATED_OBJC_IMPLEMENTATIONS = YES;
				CLANG_WARN_DIRECT_OBJC_ISA_USAGE = YES_ERROR;
				CLANG_WARN_DOCUMENTATION_COMMENTS = YES;
				CLANG_WARN_EMPTY_BODY = YES;
				CLANG_WARN_ENUM_CONVERSION = YES;
				CLANG_WARN_INFINITE_RECURSION = YES;
				CLANG_WARN_INT_CONVERSION = YES;
				CLANG_WARN_NON_LITERAL_NULL_CONVERSION = YES;
				CLANG_WARN_OBJC_IMPLICIT_RETAIN_SELF = YES;
				CLANG_WARN_OBJC_LITERAL_CONVERSION = YES;
				CLANG_WARN_OBJC_ROOT_CLASS = YES_ERROR;
				CLANG_WARN_QUOTED_INCLUDE_IN_FRAMEWORK_HEADER = YES;
				CLANG_WARN_RANGE_LOOP_ANALYSIS = YES;
				CLANG_WARN_STRICT_PROTOTYPES = YES;
				CLANG_WARN_SUSPICIOUS_MOVE = YES;
				CLANG_WARN_UNGUARDED_AVAILABILITY = YES_AGGRESSIVE;
				CLANG_WARN_UNREACHABLE_CODE = YES;
				CLANG_WARN__DUPLICATE_METHOD_MATCH = YES;
				COPY_PHASE_STRIP = NO;
				DEBUG_INFORMATION_FORMAT = "dwarf-with-dsym";
				ENABLE_NS_ASSERTIONS = NO;
				ENABLE_STRICT_OBJC_MSGSEND = YES;
				GCC_C_LANGUAGE_STANDARD = gnu11;
				GCC_NO_COMMON_BLOCKS = YES;
				GCC_WARN_64_TO_32_BIT_CONVERSION = YES;
				GCC_WARN_ABOUT_RETURN_TYPE = YES_ERROR;
				GCC_WARN_UNDECLARED_SELECTOR = YES;
				GCC_WARN_UNINITIALIZED_AUTOS = YES_AGGRESSIVE;
				GCC_WARN_UNUSED_FUNCTION = YES;
				GCC_WARN_UNUSED_VARIABLE = YES;
				IPHONEOS_DEPLOYMENT_TARGET = 16.4;
				MTL_ENABLE_DEBUG_INFO = NO;
				MTL_FAST_MATH = YES;
				SDKROOT = iphoneos;
				SWIFT_COMPILATION_MODE = wholemodule;
				SWIFT_OPTIMIZATION_LEVEL = "-O";
				VALIDATE_PRODUCT = YES;
			};
			name = Release;
		};
		954F5DA72AA3AB0B00F227B7 /* Debug */ = {
			isa = XCBuildConfiguration;
			buildSettings = {
				ASSETCATALOG_COMPILER_APPICON_NAME = AppIcon;
				ASSETCATALOG_COMPILER_GLOBAL_ACCENT_COLOR_NAME = AccentColor;
				CODE_SIGN_STYLE = Automatic;
				CURRENT_PROJECT_VERSION = 1;
				DEVELOPMENT_ASSET_PATHS = "\"SwiftUIChangeRootView/Preview Content\"";
				ENABLE_PREVIEWS = YES;
				GENERATE_INFOPLIST_FILE = YES;
				INFOPLIST_FILE = SwiftUIChangeRootView/Info.plist;
				INFOPLIST_KEY_UIApplicationSupportsIndirectInputEvents = YES;
				INFOPLIST_KEY_UILaunchScreen_Generation = YES;
				INFOPLIST_KEY_UISupportedInterfaceOrientations_iPad = "UIInterfaceOrientationPortrait UIInterfaceOrientationPortraitUpsideDown UIInterfaceOrientationLandscapeLeft UIInterfaceOrientationLandscapeRight";
				INFOPLIST_KEY_UISupportedInterfaceOrientations_iPhone = "UIInterfaceOrientationPortrait UIInterfaceOrientationLandscapeLeft UIInterfaceOrientationLandscapeRight";
				LD_RUNPATH_SEARCH_PATHS = (
					"$(inherited)",
					"@executable_path/Frameworks",
				);
				MARKETING_VERSION = 1.0;
				PRODUCT_BUNDLE_IDENTIFIER = com.app.SwiftUIChangeRootView;
				PRODUCT_NAME = "$(TARGET_NAME)";
				SWIFT_EMIT_LOC_STRINGS = YES;
				SWIFT_VERSION = 5.0;
				TARGETED_DEVICE_FAMILY = "1,2";
			};
			name = Debug;
		};
		954F5DA82AA3AB0B00F227B7 /* Release */ = {
			isa = XCBuildConfiguration;
			buildSettings = {
				ASSETCATALOG_COMPILER_APPICON_NAME = AppIcon;
				ASSETCATALOG_COMPILER_GLOBAL_ACCENT_COLOR_NAME = AccentColor;
				CODE_SIGN_STYLE = Automatic;
				CURRENT_PROJECT_VERSION = 1;
				DEVELOPMENT_ASSET_PATHS = "\"SwiftUIChangeRootView/Preview Content\"";
				ENABLE_PREVIEWS = YES;
				GENERATE_INFOPLIST_FILE = YES;
				INFOPLIST_FILE = SwiftUIChangeRootView/Info.plist;
				INFOPLIST_KEY_UIApplicationSupportsIndirectInputEvents = YES;
				INFOPLIST_KEY_UILaunchScreen_Generation = YES;
				INFOPLIST_KEY_UISupportedInterfaceOrientations_iPad = "UIInterfaceOrientationPortrait UIInterfaceOrientationPortraitUpsideDown UIInterfaceOrientationLandscapeLeft UIInterfaceOrientationLandscapeRight";
				INFOPLIST_KEY_UISupportedInterfaceOrientations_iPhone = "UIInterfaceOrientationPortrait UIInterfaceOrientationLandscapeLeft UIInterfaceOrientationLandscapeRight";
				LD_RUNPATH_SEARCH_PATHS = (
					"$(inherited)",
					"@executable_path/Frameworks",
				);
				MARKETING_VERSION = 1.0;
				PRODUCT_BUNDLE_IDENTIFIER = com.app.SwiftUIChangeRootView;
				PRODUCT_NAME = "$(TARGET_NAME)";
				SWIFT_EMIT_LOC_STRINGS = YES;
				SWIFT_VERSION = 5.0;
				TARGETED_DEVICE_FAMILY = "1,2";
			};
			name = Release;
		};
/* End XCBuildConfiguration section */

/* Begin XCConfigurationList section */
		954F5D932AA3AB0900F227B7 /* Build configuration list for PBXProject "SwiftUIChangeRootView" */ = {
			isa = XCConfigurationList;
			buildConfigurations = (
				954F5DA42AA3AB0B00F227B7 /* Debug */,
				954F5DA52AA3AB0B00F227B7 /* Release */,
			);
			defaultConfigurationIsVisible = 0;
			defaultConfigurationName = Release;
		};
		954F5DA62AA3AB0B00F227B7 /* Build configuration list for PBXNativeTarget "SwiftUIChangeRootView" */ = {
			isa = XCConfigurationList;
			buildConfigurations = (
				954F5DA72AA3AB0B00F227B7 /* Debug */,
				954F5DA82AA3AB0B00F227B7 /* Release */,
			);
			defaultConfigurationIsVisible = 0;
			defaultConfigurationName = Release;
		};
/* End XCConfigurationList section */
	};
	rootObject = 954F5D902AA3AB0900F227B7 /* Project object */;
}
